{
  "version": 4,
  "terraform_version": "1.3.2",
  "serial": 49,
  "lineage": "8d05fac7-c056-5956-9ed7-957e2cd47cd9",
  "outputs": {},
  "resources": [
    {
      "mode": "managed",
      "type": "azurerm_linux_virtual_machine",
      "name": "vm1",
      "provider": "provider[\"registry.terraform.io/hashicorp/azurerm\"]",
      "instances": [
        {
          "schema_version": 0,
          "attributes": {
            "additional_capabilities": [],
            "admin_password": null,
            "admin_ssh_key": [
              {
                "public_key": "ssh-rsa AAAAB3NzaC1yc2EAAAADAQABAAABgQDpYMMKF7uphfFcigeMZjKY1bNmQFIpr/bIHmS9ZxJ84A3yuV2IjiJwLa6XjoCj/ws+qEkfqKO30HRVk34YvtVHS66BI56YD34dDKmOD23CUmDrxL6j7k2tE+90mYfPMmNkS9uKmxb5KfPhG94644sssCG5HX26ASa17GYoiSDPzIu1W8otMkuA0+NFXK/dhzUZniDZuQjRPWNRxOjmgUci6Tf5kGY0rG10u8IBG74jFtAq3nH743weinabwszTWyyz/zX8UHD9hHFEj8E0eHQwE0NVHE3je9VuaerNZdVGDvH+JlW1y8UHsI5Xain3E2WCJ/p4ilLAd6pI/9QEN1UA7GAiEFjpzOs+mEC3tbNIX0qyRxeVj4CnnCcQ0eSZ2EnUcryruh0kDjGJ59f3Si3xqT0+2/p/gzdRyUlxkI2ffwW38RNI5qxSrRWMQsSvKotA865khgiZqv70P3yA8d7EHRzyMoVHYuO0ERSsBdhp9NOoRUgXahadlkWzuuz9+ps= pamid@satya\r\n",
                "username": "satya"
              }
            ],
            "admin_username": "satya",
            "allow_extension_operations": true,
            "availability_set_id": "",
            "boot_diagnostics": [],
            "capacity_reservation_group_id": "",
            "computer_name": "saivm",
            "custom_data": null,
            "dedicated_host_group_id": "",
            "dedicated_host_id": "",
            "disable_password_authentication": true,
            "edge_zone": "",
            "encryption_at_host_enabled": false,
            "eviction_policy": "",
            "extensions_time_budget": "PT1H30M",
            "gallery_application": [],
            "id": "/subscriptions/227cc910-381e-4106-93b7-636e320f3d70/resourceGroups/sairg/providers/Microsoft.Compute/virtualMachines/saivm",
            "identity": [],
            "license_type": "",
            "location": "westeurope",
            "max_bid_price": -1,
            "name": "saivm",
            "network_interface_ids": [
              "/subscriptions/227cc910-381e-4106-93b7-636e320f3d70/resourceGroups/sairg/providers/Microsoft.Network/networkInterfaces/sai-nic"
            ],
            "os_disk": [
              {
                "caching": "ReadWrite",
                "diff_disk_settings": [],
                "disk_encryption_set_id": "",
                "disk_size_gb": 30,
                "name": "saivm_OsDisk_1_73f6cb1bbae64609b8b6c3d0486882fd",
                "secure_vm_disk_encryption_set_id": "",
                "security_encryption_type": "",
                "storage_account_type": "Standard_LRS",
                "write_accelerator_enabled": false
              }
            ],
            "patch_assessment_mode": "ImageDefault",
            "patch_mode": "ImageDefault",
            "plan": [],
            "platform_fault_domain": -1,
            "priority": "Regular",
            "private_ip_address": "10.0.0.4",
            "private_ip_addresses": [
              "10.0.0.4"
            ],
            "provision_vm_agent": true,
            "proximity_placement_group_id": "",
            "public_ip_address": "20.123.145.65",
            "public_ip_addresses": [
              "20.123.145.65"
            ],
            "resource_group_name": "sairg",
            "secret": [],
            "secure_boot_enabled": false,
            "size": "Standard_B1s",
            "source_image_id": "",
            "source_image_reference": [
              {
                "offer": "UbuntuServer",
                "publisher": "Canonical",
                "sku": "18.04-LTS",
                "version": "latest"
              }
            ],
            "tags": {},
            "termination_notification": [],
            "timeouts": null,
            "user_data": "",
            "virtual_machine_id": "ea493349-5ba1-4418-836c-b63033a9d858",
            "virtual_machine_scale_set_id": "",
            "vtpm_enabled": false,
            "zone": ""
          },
          "sensitive_attributes": [],
          "private": "eyJlMmJmYjczMC1lY2FhLTExZTYtOGY4OC0zNDM2M2JjN2M0YzAiOnsiY3JlYXRlIjoyNzAwMDAwMDAwMDAwLCJkZWxldGUiOjI3MDAwMDAwMDAwMDAsInJlYWQiOjMwMDAwMDAwMDAwMCwidXBkYXRlIjoyNzAwMDAwMDAwMDAwfX0=",
          "dependencies": [
            "azurerm_network_interface.sainic",
            "azurerm_public_ip.saidev",
            "azurerm_resource_group.sairg",
            "azurerm_subnet.saisubnet",
            "azurerm_virtual_network.saivnet"
          ]
        }
      ]
    },
    {
      "mode": "managed",
      "type": "azurerm_network_interface",
      "name": "sainic",
      "provider": "provider[\"registry.terraform.io/hashicorp/azurerm\"]",
      "instances": [
        {
          "schema_version": 0,
          "attributes": {
            "applied_dns_servers": [],
            "dns_servers": [],
            "edge_zone": "",
            "enable_accelerated_networking": false,
            "enable_ip_forwarding": false,
            "id": "/subscriptions/227cc910-381e-4106-93b7-636e320f3d70/resourceGroups/sairg/providers/Microsoft.Network/networkInterfaces/sai-nic",
            "internal_dns_name_label": "",
            "internal_domain_name_suffix": "s4raqmowe4wurozlr0dqyuqhnd.ax.internal.cloudapp.net",
            "ip_configuration": [
              {
                "gateway_load_balancer_frontend_ip_configuration_id": "",
                "name": "internal",
                "primary": true,
                "private_ip_address": "10.0.0.4",
                "private_ip_address_allocation": "Dynamic",
                "private_ip_address_version": "IPv4",
                "public_ip_address_id": "/subscriptions/227cc910-381e-4106-93b7-636e320f3d70/resourceGroups/sairg/providers/Microsoft.Network/publicIPAddresses/webpublic",
                "subnet_id": "/subscriptions/227cc910-381e-4106-93b7-636e320f3d70/resourceGroups/sairg/providers/Microsoft.Network/virtualNetworks/saivnet/subnets/saisubnet"
              }
            ],
            "location": "westeurope",
            "mac_address": "00-0D-3A-45-07-A2",
            "name": "sai-nic",
            "private_ip_address": "10.0.0.4",
            "private_ip_addresses": [
              "10.0.0.4"
            ],
            "resource_group_name": "sairg",
            "tags": {},
            "timeouts": null,
            "virtual_machine_id": "/subscriptions/227cc910-381e-4106-93b7-636e320f3d70/resourceGroups/sairg/providers/Microsoft.Compute/virtualMachines/saivm"
          },
          "sensitive_attributes": [],
          "private": "eyJlMmJmYjczMC1lY2FhLTExZTYtOGY4OC0zNDM2M2JjN2M0YzAiOnsiY3JlYXRlIjoxODAwMDAwMDAwMDAwLCJkZWxldGUiOjE4MDAwMDAwMDAwMDAsInJlYWQiOjMwMDAwMDAwMDAwMCwidXBkYXRlIjoxODAwMDAwMDAwMDAwfX0=",
          "dependencies": [
            "azurerm_public_ip.saidev",
            "azurerm_resource_group.sairg",
            "azurerm_subnet.saisubnet",
            "azurerm_virtual_network.saivnet"
          ]
        }
      ]
    },
    {
      "mode": "managed",
      "type": "azurerm_public_ip",
      "name": "saidev",
      "provider": "provider[\"registry.terraform.io/hashicorp/azurerm\"]",
      "instances": [
        {
          "schema_version": 0,
          "attributes": {
            "allocation_method": "Dynamic",
            "ddos_protection_mode": "VirtualNetworkInherited",
            "ddos_protection_plan_id": null,
            "domain_name_label": null,
            "edge_zone": "",
            "fqdn": null,
            "id": "/subscriptions/227cc910-381e-4106-93b7-636e320f3d70/resourceGroups/sairg/providers/Microsoft.Network/publicIPAddresses/webpublic",
            "idle_timeout_in_minutes": 4,
            "ip_address": "20.123.145.65",
            "ip_tags": {},
            "ip_version": "IPv4",
            "location": "westeurope",
            "name": "webpublic",
            "public_ip_prefix_id": null,
            "resource_group_name": "sairg",
            "reverse_fqdn": null,
            "sku": "Basic",
            "sku_tier": "Regional",
            "tags": {},
            "timeouts": null,
            "zones": []
          },
          "sensitive_attributes": [],
          "private": "eyJlMmJmYjczMC1lY2FhLTExZTYtOGY4OC0zNDM2M2JjN2M0YzAiOnsiY3JlYXRlIjoxODAwMDAwMDAwMDAwLCJkZWxldGUiOjE4MDAwMDAwMDAwMDAsInJlYWQiOjMwMDAwMDAwMDAwMCwidXBkYXRlIjoxODAwMDAwMDAwMDAwfX0=",
          "dependencies": [
            "azurerm_resource_group.sairg",
            "azurerm_subnet.saisubnet",
            "azurerm_virtual_network.saivnet"
          ]
        }
      ]
    },
    {
      "mode": "managed",
      "type": "azurerm_resource_group",
      "name": "sairg",
      "provider": "provider[\"registry.terraform.io/hashicorp/azurerm\"]",
      "instances": [
        {
          "schema_version": 0,
          "attributes": {
            "id": "/subscriptions/227cc910-381e-4106-93b7-636e320f3d70/resourceGroups/sairg",
            "location": "westeurope",
            "name": "sairg",
            "tags": {},
            "timeouts": null
          },
          "sensitive_attributes": [],
          "private": "eyJlMmJmYjczMC1lY2FhLTExZTYtOGY4OC0zNDM2M2JjN2M0YzAiOnsiY3JlYXRlIjo1NDAwMDAwMDAwMDAwLCJkZWxldGUiOjU0MDAwMDAwMDAwMDAsInJlYWQiOjMwMDAwMDAwMDAwMCwidXBkYXRlIjo1NDAwMDAwMDAwMDAwfX0="
        }
      ]
    },
    {
      "mode": "managed",
      "type": "azurerm_subnet",
      "name": "saisubnet",
      "provider": "provider[\"registry.terraform.io/hashicorp/azurerm\"]",
      "instances": [
        {
          "schema_version": 0,
          "attributes": {
            "address_prefixes": [
              "10.0.0.0/24"
            ],
            "delegation": [],
            "enforce_private_link_endpoint_network_policies": false,
            "enforce_private_link_service_network_policies": false,
            "id": "/subscriptions/227cc910-381e-4106-93b7-636e320f3d70/resourceGroups/sairg/providers/Microsoft.Network/virtualNetworks/saivnet/subnets/saisubnet",
            "name": "saisubnet",
            "private_endpoint_network_policies_enabled": true,
            "private_link_service_network_policies_enabled": true,
            "resource_group_name": "sairg",
            "service_endpoint_policy_ids": [],
            "service_endpoints": [],
            "timeouts": null,
            "virtual_network_name": "saivnet"
          },
          "sensitive_attributes": [],
          "private": "eyJlMmJmYjczMC1lY2FhLTExZTYtOGY4OC0zNDM2M2JjN2M0YzAiOnsiY3JlYXRlIjoxODAwMDAwMDAwMDAwLCJkZWxldGUiOjE4MDAwMDAwMDAwMDAsInJlYWQiOjMwMDAwMDAwMDAwMCwidXBkYXRlIjoxODAwMDAwMDAwMDAwfX0=",
          "dependencies": [
            "azurerm_resource_group.sairg",
            "azurerm_virtual_network.saivnet"
          ]
        }
      ]
    },
    {
      "mode": "managed",
      "type": "azurerm_virtual_network",
      "name": "saivnet",
      "provider": "provider[\"registry.terraform.io/hashicorp/azurerm\"]",
      "instances": [
        {
          "schema_version": 0,
          "attributes": {
            "address_space": [
              "10.0.0.0/16"
            ],
            "bgp_community": "",
            "ddos_protection_plan": [],
            "dns_servers": [],
            "edge_zone": "",
            "flow_timeout_in_minutes": 0,
            "guid": "3108a297-27d6-48ad-bb2b-8e870c52076b",
            "id": "/subscriptions/227cc910-381e-4106-93b7-636e320f3d70/resourceGroups/sairg/providers/Microsoft.Network/virtualNetworks/saivnet",
            "location": "westeurope",
            "name": "saivnet",
            "resource_group_name": "sairg",
            "subnet": [
              {
                "address_prefix": "10.0.0.0/24",
                "id": "/subscriptions/227cc910-381e-4106-93b7-636e320f3d70/resourceGroups/sairg/providers/Microsoft.Network/virtualNetworks/saivnet/subnets/saisubnet",
                "name": "saisubnet",
                "security_group": ""
              }
            ],
            "tags": {},
            "timeouts": null
          },
          "sensitive_attributes": [],
          "private": "eyJlMmJmYjczMC1lY2FhLTExZTYtOGY4OC0zNDM2M2JjN2M0YzAiOnsiY3JlYXRlIjoxODAwMDAwMDAwMDAwLCJkZWxldGUiOjE4MDAwMDAwMDAwMDAsInJlYWQiOjMwMDAwMDAwMDAwMCwidXBkYXRlIjoxODAwMDAwMDAwMDAwfX0=",
          "dependencies": [
            "azurerm_resource_group.sairg"
          ]
        }
      ]
    },
    {
      "mode": "managed",
      "type": "null_resource",
      "name": "qtnull",
      "provider": "provider[\"registry.terraform.io/hashicorp/null\"]",
      "instances": [
        {
          "schema_version": 0,
          "attributes": {
            "id": "8619069919028532214",
            "triggers": {
              "triggers": "1"
            }
          },
          "sensitive_attributes": [],
          "dependencies": [
            "azurerm_public_ip.saidev",
            "azurerm_resource_group.sairg",
            "azurerm_subnet.saisubnet",
            "azurerm_virtual_network.saivnet"
          ]
        }
      ]
    }
  ],
  "check_results": []
}
