{
  "version": 4,
  "terraform_version": "1.3.2",
  "serial": 34,
  "lineage": "5b3d9aa5-129a-002e-b9bd-e4a653aaad36",
  "outputs": {},
  "resources": [
    {
      "mode": "managed",
      "type": "azurerm_linux_virtual_machine",
      "name": "sahithivm",
      "provider": "provider[\"registry.terraform.io/hashicorp/azurerm\"]",
      "instances": [
        {
          "index_key": 0,
          "schema_version": 0,
          "attributes": {
            "additional_capabilities": [],
            "admin_password": null,
            "admin_ssh_key": [
              {
                "public_key": "ssh-rsa AAAAB3NzaC1yc2EAAAADAQABAAABgQDpYMMKF7uphfFcigeMZjKY1bNmQFIpr/bIHmS9ZxJ84A3yuV2IjiJwLa6XjoCj/ws+qEkfqKO30HRVk34YvtVHS66BI56YD34dDKmOD23CUmDrxL6j7k2tE+90mYfPMmNkS9uKmxb5KfPhG94644sssCG5HX26ASa17GYoiSDPzIu1W8otMkuA0+NFXK/dhzUZniDZuQjRPWNRxOjmgUci6Tf5kGY0rG10u8IBG74jFtAq3nH743weinabwszTWyyz/zX8UHD9hHFEj8E0eHQwE0NVHE3je9VuaerNZdVGDvH+JlW1y8UHsI5Xain3E2WCJ/p4ilLAd6pI/9QEN1UA7GAiEFjpzOs+mEC3tbNIX0qyRxeVj4CnnCcQ0eSZ2EnUcryruh0kDjGJ59f3Si3xqT0+2/p/gzdRyUlxkI2ffwW38RNI5qxSrRWMQsSvKotA865khgiZqv70P3yA8d7EHRzyMoVHYuO0ERSsBdhp9NOoRUgXahadlkWzuuz9+ps= pamid@satya\r\n",
                "username": "satya"
              }
            ],
            "admin_username": "satya",
            "allow_extension_operations": true,
            "availability_set_id": "",
            "boot_diagnostics": [],
            "capacity_reservation_group_id": "",
            "computer_name": "vm1",
            "custom_data": null,
            "dedicated_host_group_id": "",
            "dedicated_host_id": "",
            "disable_password_authentication": true,
            "edge_zone": "",
            "encryption_at_host_enabled": false,
            "eviction_policy": "",
            "extensions_time_budget": "PT1H30M",
            "gallery_application": [],
            "id": "/subscriptions/37442d9d-201e-4936-bf5d-ee37929f9048/resourceGroups/sahithirg1/providers/Microsoft.Compute/virtualMachines/vm1",
            "identity": [],
            "license_type": "",
            "location": "centralindia",
            "max_bid_price": -1,
            "name": "vm1",
            "network_interface_ids": [
              "/subscriptions/37442d9d-201e-4936-bf5d-ee37929f9048/resourceGroups/sahithirg1/providers/Microsoft.Network/networkInterfaces/webnic-0"
            ],
            "os_disk": [
              {
                "caching": "ReadWrite",
                "diff_disk_settings": [],
                "disk_encryption_set_id": "",
                "disk_size_gb": 30,
                "name": "vm1_OsDisk_1_7ee378cb6ac3447aa5d52762c956e8d2",
                "secure_vm_disk_encryption_set_id": "",
                "security_encryption_type": "",
                "storage_account_type": "Standard_LRS",
                "write_accelerator_enabled": false
              }
            ],
            "patch_assessment_mode": "ImageDefault",
            "patch_mode": "ImageDefault",
            "plan": [],
            "platform_fault_domain": -1,
            "priority": "Regular",
            "private_ip_address": "10.0.0.4",
            "private_ip_addresses": [
              "10.0.0.4"
            ],
            "provision_vm_agent": true,
            "proximity_placement_group_id": "",
            "public_ip_address": "4.224.83.120",
            "public_ip_addresses": [
              "4.224.83.120"
            ],
            "resource_group_name": "sahithirg1",
            "secret": [],
            "secure_boot_enabled": false,
            "size": "Standard_B1s",
            "source_image_id": "",
            "source_image_reference": [
              {
                "offer": "UbuntuServer",
                "publisher": "Canonical",
                "sku": "16.04-LTS",
                "version": "latest"
              }
            ],
            "tags": {
              "Env": "dev"
            },
            "termination_notification": [],
            "timeouts": null,
            "user_data": "",
            "virtual_machine_id": "b1ff2d81-e4a3-43d1-a1f4-b4d1646434a0",
            "virtual_machine_scale_set_id": "",
            "vtpm_enabled": false,
            "zone": ""
          },
          "sensitive_attributes": [],
          "private": "eyJlMmJmYjczMC1lY2FhLTExZTYtOGY4OC0zNDM2M2JjN2M0YzAiOnsiY3JlYXRlIjoyNzAwMDAwMDAwMDAwLCJkZWxldGUiOjI3MDAwMDAwMDAwMDAsInJlYWQiOjMwMDAwMDAwMDAwMCwidXBkYXRlIjoyNzAwMDAwMDAwMDAwfX0=",
          "dependencies": [
            "azurerm_network_interface.sainic",
            "azurerm_network_interface.sainic1",
            "azurerm_public_ip.saidev",
            "azurerm_resource_group.sairg2",
            "azurerm_subnet.saisubnet",
            "azurerm_virtual_network.saivnet"
          ]
        },
        {
          "index_key": 1,
          "schema_version": 0,
          "attributes": {
            "additional_capabilities": [],
            "admin_password": null,
            "admin_ssh_key": [
              {
                "public_key": "ssh-rsa AAAAB3NzaC1yc2EAAAADAQABAAABgQDpYMMKF7uphfFcigeMZjKY1bNmQFIpr/bIHmS9ZxJ84A3yuV2IjiJwLa6XjoCj/ws+qEkfqKO30HRVk34YvtVHS66BI56YD34dDKmOD23CUmDrxL6j7k2tE+90mYfPMmNkS9uKmxb5KfPhG94644sssCG5HX26ASa17GYoiSDPzIu1W8otMkuA0+NFXK/dhzUZniDZuQjRPWNRxOjmgUci6Tf5kGY0rG10u8IBG74jFtAq3nH743weinabwszTWyyz/zX8UHD9hHFEj8E0eHQwE0NVHE3je9VuaerNZdVGDvH+JlW1y8UHsI5Xain3E2WCJ/p4ilLAd6pI/9QEN1UA7GAiEFjpzOs+mEC3tbNIX0qyRxeVj4CnnCcQ0eSZ2EnUcryruh0kDjGJ59f3Si3xqT0+2/p/gzdRyUlxkI2ffwW38RNI5qxSrRWMQsSvKotA865khgiZqv70P3yA8d7EHRzyMoVHYuO0ERSsBdhp9NOoRUgXahadlkWzuuz9+ps= pamid@satya\r\n",
                "username": "satya"
              }
            ],
            "admin_username": "satya",
            "allow_extension_operations": true,
            "availability_set_id": "",
            "boot_diagnostics": [],
            "capacity_reservation_group_id": "",
            "computer_name": "vm2",
            "custom_data": null,
            "dedicated_host_group_id": "",
            "dedicated_host_id": "",
            "disable_password_authentication": true,
            "edge_zone": "",
            "encryption_at_host_enabled": false,
            "eviction_policy": "",
            "extensions_time_budget": "PT1H30M",
            "gallery_application": [],
            "id": "/subscriptions/37442d9d-201e-4936-bf5d-ee37929f9048/resourceGroups/sahithirg1/providers/Microsoft.Compute/virtualMachines/vm2",
            "identity": [],
            "license_type": "",
            "location": "centralindia",
            "max_bid_price": -1,
            "name": "vm2",
            "network_interface_ids": [
              "/subscriptions/37442d9d-201e-4936-bf5d-ee37929f9048/resourceGroups/sahithirg1/providers/Microsoft.Network/networkInterfaces/webnic-1"
            ],
            "os_disk": [
              {
                "caching": "ReadWrite",
                "diff_disk_settings": [],
                "disk_encryption_set_id": "",
                "disk_size_gb": 30,
                "name": "vm2_OsDisk_1_0493811a7f3c4fd082f111660bf6c3a4",
                "secure_vm_disk_encryption_set_id": "",
                "security_encryption_type": "",
                "storage_account_type": "Standard_LRS",
                "write_accelerator_enabled": false
              }
            ],
            "patch_assessment_mode": "ImageDefault",
            "patch_mode": "ImageDefault",
            "plan": [],
            "platform_fault_domain": -1,
            "priority": "Regular",
            "private_ip_address": "10.0.1.4",
            "private_ip_addresses": [
              "10.0.1.4"
            ],
            "provision_vm_agent": true,
            "proximity_placement_group_id": "",
            "public_ip_address": "20.219.57.119",
            "public_ip_addresses": [
              "20.219.57.119"
            ],
            "resource_group_name": "sahithirg1",
            "secret": [],
            "secure_boot_enabled": false,
            "size": "Standard_B1s",
            "source_image_id": "",
            "source_image_reference": [
              {
                "offer": "UbuntuServer",
                "publisher": "Canonical",
                "sku": "16.04-LTS",
                "version": "latest"
              }
            ],
            "tags": {
              "Env": "dev"
            },
            "termination_notification": [],
            "timeouts": null,
            "user_data": "",
            "virtual_machine_id": "1a7afbc7-b70b-4dad-a8b7-afb1948b6c03",
            "virtual_machine_scale_set_id": "",
            "vtpm_enabled": false,
            "zone": ""
          },
          "sensitive_attributes": [],
          "private": "eyJlMmJmYjczMC1lY2FhLTExZTYtOGY4OC0zNDM2M2JjN2M0YzAiOnsiY3JlYXRlIjoyNzAwMDAwMDAwMDAwLCJkZWxldGUiOjI3MDAwMDAwMDAwMDAsInJlYWQiOjMwMDAwMDAwMDAwMCwidXBkYXRlIjoyNzAwMDAwMDAwMDAwfX0=",
          "dependencies": [
            "azurerm_network_interface.sainic",
            "azurerm_network_interface.sainic1",
            "azurerm_public_ip.saidev",
            "azurerm_resource_group.sairg2",
            "azurerm_subnet.saisubnet",
            "azurerm_virtual_network.saivnet"
          ]
        }
      ]
    },
    {
      "mode": "managed",
      "type": "azurerm_network_interface",
      "name": "sainic",
      "provider": "provider[\"registry.terraform.io/hashicorp/azurerm\"]",
      "instances": [
        {
          "index_key": 0,
          "schema_version": 0,
          "attributes": {
            "applied_dns_servers": [],
            "dns_servers": [],
            "edge_zone": "",
            "enable_accelerated_networking": false,
            "enable_ip_forwarding": false,
            "id": "/subscriptions/37442d9d-201e-4936-bf5d-ee37929f9048/resourceGroups/sahithirg1/providers/Microsoft.Network/networkInterfaces/webnic-0",
            "internal_dns_name_label": "",
            "internal_domain_name_suffix": "fwnece5et14unl0e55iyzbyn4c.rx.internal.cloudapp.net",
            "ip_configuration": [
              {
                "gateway_load_balancer_frontend_ip_configuration_id": "",
                "name": "internal",
                "primary": true,
                "private_ip_address": "10.0.0.4",
                "private_ip_address_allocation": "Dynamic",
                "private_ip_address_version": "IPv4",
                "public_ip_address_id": "/subscriptions/37442d9d-201e-4936-bf5d-ee37929f9048/resourceGroups/sahithirg1/providers/Microsoft.Network/publicIPAddresses/webpublic1-0",
                "subnet_id": "/subscriptions/37442d9d-201e-4936-bf5d-ee37929f9048/resourceGroups/sahithirg1/providers/Microsoft.Network/virtualNetworks/sahithivnet/subnets/web"
              }
            ],
            "location": "centralindia",
            "mac_address": "60-45-BD-AC-4A-77",
            "name": "webnic-0",
            "private_ip_address": "10.0.0.4",
            "private_ip_addresses": [
              "10.0.0.4"
            ],
            "resource_group_name": "sahithirg1",
            "tags": {},
            "timeouts": null,
            "virtual_machine_id": "/subscriptions/37442d9d-201e-4936-bf5d-ee37929f9048/resourceGroups/sahithirg1/providers/Microsoft.Compute/virtualMachines/vm1"
          },
          "sensitive_attributes": [],
          "private": "eyJlMmJmYjczMC1lY2FhLTExZTYtOGY4OC0zNDM2M2JjN2M0YzAiOnsiY3JlYXRlIjoxODAwMDAwMDAwMDAwLCJkZWxldGUiOjE4MDAwMDAwMDAwMDAsInJlYWQiOjMwMDAwMDAwMDAwMCwidXBkYXRlIjoxODAwMDAwMDAwMDAwfX0=",
          "dependencies": [
            "azurerm_public_ip.saidev",
            "azurerm_resource_group.sairg2",
            "azurerm_subnet.saisubnet",
            "azurerm_virtual_network.saivnet"
          ]
        },
        {
          "index_key": 1,
          "schema_version": 0,
          "attributes": {
            "applied_dns_servers": [],
            "dns_servers": [],
            "edge_zone": "",
            "enable_accelerated_networking": false,
            "enable_ip_forwarding": false,
            "id": "/subscriptions/37442d9d-201e-4936-bf5d-ee37929f9048/resourceGroups/sahithirg1/providers/Microsoft.Network/networkInterfaces/webnic-1",
            "internal_dns_name_label": "",
            "internal_domain_name_suffix": "fwnece5et14unl0e55iyzbyn4c.rx.internal.cloudapp.net",
            "ip_configuration": [
              {
                "gateway_load_balancer_frontend_ip_configuration_id": "",
                "name": "internal",
                "primary": true,
                "private_ip_address": "10.0.1.4",
                "private_ip_address_allocation": "Dynamic",
                "private_ip_address_version": "IPv4",
                "public_ip_address_id": "/subscriptions/37442d9d-201e-4936-bf5d-ee37929f9048/resourceGroups/sahithirg1/providers/Microsoft.Network/publicIPAddresses/webpublic1-1",
                "subnet_id": "/subscriptions/37442d9d-201e-4936-bf5d-ee37929f9048/resourceGroups/sahithirg1/providers/Microsoft.Network/virtualNetworks/sahithivnet/subnets/app"
              }
            ],
            "location": "centralindia",
            "mac_address": "60-45-BD-CF-24-12",
            "name": "webnic-1",
            "private_ip_address": "10.0.1.4",
            "private_ip_addresses": [
              "10.0.1.4"
            ],
            "resource_group_name": "sahithirg1",
            "tags": {},
            "timeouts": null,
            "virtual_machine_id": "/subscriptions/37442d9d-201e-4936-bf5d-ee37929f9048/resourceGroups/sahithirg1/providers/Microsoft.Compute/virtualMachines/vm2"
          },
          "sensitive_attributes": [],
          "private": "eyJlMmJmYjczMC1lY2FhLTExZTYtOGY4OC0zNDM2M2JjN2M0YzAiOnsiY3JlYXRlIjoxODAwMDAwMDAwMDAwLCJkZWxldGUiOjE4MDAwMDAwMDAwMDAsInJlYWQiOjMwMDAwMDAwMDAwMCwidXBkYXRlIjoxODAwMDAwMDAwMDAwfX0=",
          "dependencies": [
            "azurerm_public_ip.saidev",
            "azurerm_resource_group.sairg2",
            "azurerm_subnet.saisubnet",
            "azurerm_virtual_network.saivnet"
          ]
        }
      ]
    },
    {
      "mode": "managed",
      "type": "azurerm_network_interface_security_group_association",
      "name": "satya_nisg",
      "provider": "provider[\"registry.terraform.io/hashicorp/azurerm\"]",
      "instances": [
        {
          "index_key": 0,
          "schema_version": 0,
          "attributes": {
            "id": "/subscriptions/37442d9d-201e-4936-bf5d-ee37929f9048/resourceGroups/sahithirg1/providers/Microsoft.Network/networkInterfaces/webnic-0|/subscriptions/37442d9d-201e-4936-bf5d-ee37929f9048/resourceGroups/sahithirg1/providers/Microsoft.Network/networkSecurityGroups/webnsg",
            "network_interface_id": "/subscriptions/37442d9d-201e-4936-bf5d-ee37929f9048/resourceGroups/sahithirg1/providers/Microsoft.Network/networkInterfaces/webnic-0",
            "network_security_group_id": "/subscriptions/37442d9d-201e-4936-bf5d-ee37929f9048/resourceGroups/sahithirg1/providers/Microsoft.Network/networkSecurityGroups/webnsg",
            "timeouts": null
          },
          "sensitive_attributes": [],
          "private": "eyJlMmJmYjczMC1lY2FhLTExZTYtOGY4OC0zNDM2M2JjN2M0YzAiOnsiY3JlYXRlIjoxODAwMDAwMDAwMDAwLCJkZWxldGUiOjE4MDAwMDAwMDAwMDAsInJlYWQiOjMwMDAwMDAwMDAwMCwidXBkYXRlIjoxODAwMDAwMDAwMDAwfX0=",
          "dependencies": [
            "azurerm_network_interface.sainic",
            "azurerm_network_interface.sainic1",
            "azurerm_network_security_group.sainsg",
            "azurerm_public_ip.saidev",
            "azurerm_resource_group.sairg2",
            "azurerm_subnet.saisubnet",
            "azurerm_virtual_network.saivnet"
          ]
        },
        {
          "index_key": 1,
          "schema_version": 0,
          "attributes": {
            "id": "/subscriptions/37442d9d-201e-4936-bf5d-ee37929f9048/resourceGroups/sahithirg1/providers/Microsoft.Network/networkInterfaces/webnic-1|/subscriptions/37442d9d-201e-4936-bf5d-ee37929f9048/resourceGroups/sahithirg1/providers/Microsoft.Network/networkSecurityGroups/webnsg",
            "network_interface_id": "/subscriptions/37442d9d-201e-4936-bf5d-ee37929f9048/resourceGroups/sahithirg1/providers/Microsoft.Network/networkInterfaces/webnic-1",
            "network_security_group_id": "/subscriptions/37442d9d-201e-4936-bf5d-ee37929f9048/resourceGroups/sahithirg1/providers/Microsoft.Network/networkSecurityGroups/webnsg",
            "timeouts": null
          },
          "sensitive_attributes": [],
          "private": "eyJlMmJmYjczMC1lY2FhLTExZTYtOGY4OC0zNDM2M2JjN2M0YzAiOnsiY3JlYXRlIjoxODAwMDAwMDAwMDAwLCJkZWxldGUiOjE4MDAwMDAwMDAwMDAsInJlYWQiOjMwMDAwMDAwMDAwMCwidXBkYXRlIjoxODAwMDAwMDAwMDAwfX0=",
          "dependencies": [
            "azurerm_network_interface.sainic",
            "azurerm_network_interface.sainic1",
            "azurerm_network_security_group.sainsg",
            "azurerm_public_ip.saidev",
            "azurerm_resource_group.sairg2",
            "azurerm_subnet.saisubnet",
            "azurerm_virtual_network.saivnet"
          ]
        }
      ]
    },
    {
      "mode": "managed",
      "type": "azurerm_network_security_group",
      "name": "sainsg",
      "provider": "provider[\"registry.terraform.io/hashicorp/azurerm\"]",
      "instances": [
        {
          "schema_version": 0,
          "attributes": {
            "id": "/subscriptions/37442d9d-201e-4936-bf5d-ee37929f9048/resourceGroups/sahithirg1/providers/Microsoft.Network/networkSecurityGroups/webnsg",
            "location": "centralindia",
            "name": "webnsg",
            "resource_group_name": "sahithirg1",
            "security_rule": [
              {
                "access": "Allow",
                "description": "",
                "destination_address_prefix": "*",
                "destination_address_prefixes": [],
                "destination_application_security_group_ids": [],
                "destination_port_range": "22",
                "destination_port_ranges": [],
                "direction": "Inbound",
                "name": "openssh",
                "priority": 300,
                "protocol": "Tcp",
                "source_address_prefix": "*",
                "source_address_prefixes": [],
                "source_application_security_group_ids": [],
                "source_port_range": "*",
                "source_port_ranges": []
              },
              {
                "access": "Allow",
                "description": "",
                "destination_address_prefix": "*",
                "destination_address_prefixes": [],
                "destination_application_security_group_ids": [],
                "destination_port_range": "80",
                "destination_port_ranges": [],
                "direction": "Inbound",
                "name": "openhttp",
                "priority": 310,
                "protocol": "Tcp",
                "source_address_prefix": "*",
                "source_address_prefixes": [],
                "source_application_security_group_ids": [],
                "source_port_range": "*",
                "source_port_ranges": []
              }
            ],
            "tags": {
              "Env": "dev"
            },
            "timeouts": null
          },
          "sensitive_attributes": [],
          "private": "eyJlMmJmYjczMC1lY2FhLTExZTYtOGY4OC0zNDM2M2JjN2M0YzAiOnsiY3JlYXRlIjoxODAwMDAwMDAwMDAwLCJkZWxldGUiOjE4MDAwMDAwMDAwMDAsInJlYWQiOjMwMDAwMDAwMDAwMCwidXBkYXRlIjoxODAwMDAwMDAwMDAwfX0=",
          "dependencies": [
            "azurerm_resource_group.sairg2"
          ]
        }
      ]
    },
    {
      "mode": "managed",
      "type": "azurerm_public_ip",
      "name": "saidev",
      "provider": "provider[\"registry.terraform.io/hashicorp/azurerm\"]",
      "instances": [
        {
          "index_key": 0,
          "schema_version": 0,
          "attributes": {
            "allocation_method": "Dynamic",
            "ddos_protection_mode": "VirtualNetworkInherited",
            "ddos_protection_plan_id": null,
            "domain_name_label": null,
            "edge_zone": "",
            "fqdn": null,
            "id": "/subscriptions/37442d9d-201e-4936-bf5d-ee37929f9048/resourceGroups/sahithirg1/providers/Microsoft.Network/publicIPAddresses/webpublic1-0",
            "idle_timeout_in_minutes": 4,
            "ip_address": "4.224.83.120",
            "ip_tags": {},
            "ip_version": "IPv4",
            "location": "centralindia",
            "name": "webpublic1-0",
            "public_ip_prefix_id": null,
            "resource_group_name": "sahithirg1",
            "reverse_fqdn": null,
            "sku": "Basic",
            "sku_tier": "Regional",
            "tags": {},
            "timeouts": null,
            "zones": []
          },
          "sensitive_attributes": [],
          "private": "eyJlMmJmYjczMC1lY2FhLTExZTYtOGY4OC0zNDM2M2JjN2M0YzAiOnsiY3JlYXRlIjoxODAwMDAwMDAwMDAwLCJkZWxldGUiOjE4MDAwMDAwMDAwMDAsInJlYWQiOjMwMDAwMDAwMDAwMCwidXBkYXRlIjoxODAwMDAwMDAwMDAwfX0=",
          "dependencies": [
            "azurerm_resource_group.sairg2",
            "azurerm_subnet.saisubnet",
            "azurerm_virtual_network.saivnet"
          ]
        },
        {
          "index_key": 1,
          "schema_version": 0,
          "attributes": {
            "allocation_method": "Dynamic",
            "ddos_protection_mode": "VirtualNetworkInherited",
            "ddos_protection_plan_id": null,
            "domain_name_label": null,
            "edge_zone": "",
            "fqdn": null,
            "id": "/subscriptions/37442d9d-201e-4936-bf5d-ee37929f9048/resourceGroups/sahithirg1/providers/Microsoft.Network/publicIPAddresses/webpublic1-1",
            "idle_timeout_in_minutes": 4,
            "ip_address": "20.219.57.119",
            "ip_tags": {},
            "ip_version": "IPv4",
            "location": "centralindia",
            "name": "webpublic1-1",
            "public_ip_prefix_id": null,
            "resource_group_name": "sahithirg1",
            "reverse_fqdn": null,
            "sku": "Basic",
            "sku_tier": "Regional",
            "tags": {},
            "timeouts": null,
            "zones": []
          },
          "sensitive_attributes": [],
          "private": "eyJlMmJmYjczMC1lY2FhLTExZTYtOGY4OC0zNDM2M2JjN2M0YzAiOnsiY3JlYXRlIjoxODAwMDAwMDAwMDAwLCJkZWxldGUiOjE4MDAwMDAwMDAwMDAsInJlYWQiOjMwMDAwMDAwMDAwMCwidXBkYXRlIjoxODAwMDAwMDAwMDAwfX0=",
          "dependencies": [
            "azurerm_resource_group.sairg2",
            "azurerm_subnet.saisubnet",
            "azurerm_virtual_network.saivnet"
          ]
        }
      ]
    },
    {
      "mode": "managed",
      "type": "azurerm_resource_group",
      "name": "sairg2",
      "provider": "provider[\"registry.terraform.io/hashicorp/azurerm\"]",
      "instances": [
        {
          "schema_version": 0,
          "attributes": {
            "id": "/subscriptions/37442d9d-201e-4936-bf5d-ee37929f9048/resourceGroups/sahithirg1",
            "location": "centralindia",
            "name": "sahithirg1",
            "tags": {},
            "timeouts": null
          },
          "sensitive_attributes": [],
          "private": "eyJlMmJmYjczMC1lY2FhLTExZTYtOGY4OC0zNDM2M2JjN2M0YzAiOnsiY3JlYXRlIjo1NDAwMDAwMDAwMDAwLCJkZWxldGUiOjU0MDAwMDAwMDAwMDAsInJlYWQiOjMwMDAwMDAwMDAwMCwidXBkYXRlIjo1NDAwMDAwMDAwMDAwfX0="
        }
      ]
    },
    {
      "mode": "managed",
      "type": "azurerm_subnet",
      "name": "saisubnet",
      "provider": "provider[\"registry.terraform.io/hashicorp/azurerm\"]",
      "instances": [
        {
          "index_key": 0,
          "schema_version": 0,
          "attributes": {
            "address_prefixes": [
              "10.0.0.0/24"
            ],
            "delegation": [],
            "enforce_private_link_endpoint_network_policies": false,
            "enforce_private_link_service_network_policies": false,
            "id": "/subscriptions/37442d9d-201e-4936-bf5d-ee37929f9048/resourceGroups/sahithirg1/providers/Microsoft.Network/virtualNetworks/sahithivnet/subnets/web",
            "name": "web",
            "private_endpoint_network_policies_enabled": true,
            "private_link_service_network_policies_enabled": true,
            "resource_group_name": "sahithirg1",
            "service_endpoint_policy_ids": [],
            "service_endpoints": [],
            "timeouts": null,
            "virtual_network_name": "sahithivnet"
          },
          "sensitive_attributes": [],
          "private": "eyJlMmJmYjczMC1lY2FhLTExZTYtOGY4OC0zNDM2M2JjN2M0YzAiOnsiY3JlYXRlIjoxODAwMDAwMDAwMDAwLCJkZWxldGUiOjE4MDAwMDAwMDAwMDAsInJlYWQiOjMwMDAwMDAwMDAwMCwidXBkYXRlIjoxODAwMDAwMDAwMDAwfX0=",
          "dependencies": [
            "azurerm_resource_group.sairg2",
            "azurerm_virtual_network.saivnet"
          ]
        },
        {
          "index_key": 1,
          "schema_version": 0,
          "attributes": {
            "address_prefixes": [
              "10.0.1.0/24"
            ],
            "delegation": [],
            "enforce_private_link_endpoint_network_policies": false,
            "enforce_private_link_service_network_policies": false,
            "id": "/subscriptions/37442d9d-201e-4936-bf5d-ee37929f9048/resourceGroups/sahithirg1/providers/Microsoft.Network/virtualNetworks/sahithivnet/subnets/app",
            "name": "app",
            "private_endpoint_network_policies_enabled": true,
            "private_link_service_network_policies_enabled": true,
            "resource_group_name": "sahithirg1",
            "service_endpoint_policy_ids": [],
            "service_endpoints": [],
            "timeouts": null,
            "virtual_network_name": "sahithivnet"
          },
          "sensitive_attributes": [],
          "private": "eyJlMmJmYjczMC1lY2FhLTExZTYtOGY4OC0zNDM2M2JjN2M0YzAiOnsiY3JlYXRlIjoxODAwMDAwMDAwMDAwLCJkZWxldGUiOjE4MDAwMDAwMDAwMDAsInJlYWQiOjMwMDAwMDAwMDAwMCwidXBkYXRlIjoxODAwMDAwMDAwMDAwfX0=",
          "dependencies": [
            "azurerm_resource_group.sairg2",
            "azurerm_virtual_network.saivnet"
          ]
        }
      ]
    },
    {
      "mode": "managed",
      "type": "azurerm_virtual_network",
      "name": "saivnet",
      "provider": "provider[\"registry.terraform.io/hashicorp/azurerm\"]",
      "instances": [
        {
          "schema_version": 0,
          "attributes": {
            "address_space": [
              "10.0.0.0/16"
            ],
            "bgp_community": "",
            "ddos_protection_plan": [],
            "dns_servers": [],
            "edge_zone": "",
            "flow_timeout_in_minutes": 0,
            "guid": "13419a2d-9ee4-46fd-af44-ffd18c870df2",
            "id": "/subscriptions/37442d9d-201e-4936-bf5d-ee37929f9048/resourceGroups/sahithirg1/providers/Microsoft.Network/virtualNetworks/sahithivnet",
            "location": "centralindia",
            "name": "sahithivnet",
            "resource_group_name": "sahithirg1",
            "subnet": [
              {
                "address_prefix": "10.0.0.0/24",
                "id": "/subscriptions/37442d9d-201e-4936-bf5d-ee37929f9048/resourceGroups/sahithirg1/providers/Microsoft.Network/virtualNetworks/sahithivnet/subnets/web",
                "name": "web",
                "security_group": ""
              },
              {
                "address_prefix": "10.0.1.0/24",
                "id": "/subscriptions/37442d9d-201e-4936-bf5d-ee37929f9048/resourceGroups/sahithirg1/providers/Microsoft.Network/virtualNetworks/sahithivnet/subnets/app",
                "name": "app",
                "security_group": ""
              }
            ],
            "tags": {},
            "timeouts": null
          },
          "sensitive_attributes": [],
          "private": "eyJlMmJmYjczMC1lY2FhLTExZTYtOGY4OC0zNDM2M2JjN2M0YzAiOnsiY3JlYXRlIjoxODAwMDAwMDAwMDAwLCJkZWxldGUiOjE4MDAwMDAwMDAwMDAsInJlYWQiOjMwMDAwMDAwMDAwMCwidXBkYXRlIjoxODAwMDAwMDAwMDAwfX0=",
          "dependencies": [
            "azurerm_resource_group.sairg2"
          ]
        }
      ]
    },
    {
      "mode": "managed",
      "type": "null_resource",
      "name": "qtnull",
      "provider": "provider[\"registry.terraform.io/hashicorp/null\"]",
      "instances": [
        {
          "index_key": 0,
          "schema_version": 0,
          "attributes": {
            "id": "473468794269098187",
            "triggers": {
              "triggers": "4"
            }
          },
          "sensitive_attributes": [],
          "dependencies": [
            "azurerm_public_ip.saidev",
            "azurerm_resource_group.sairg2",
            "azurerm_subnet.saisubnet",
            "azurerm_virtual_network.saivnet"
          ]
        },
        {
          "index_key": 1,
          "schema_version": 0,
          "attributes": {
            "id": "6413473149551795696",
            "triggers": {
              "triggers": "4"
            }
          },
          "sensitive_attributes": [],
          "dependencies": [
            "azurerm_public_ip.saidev",
            "azurerm_resource_group.sairg2",
            "azurerm_subnet.saisubnet",
            "azurerm_virtual_network.saivnet"
          ]
        }
      ]
    }
  ],
  "check_results": []
}
